// !$*UTF8*$!
{
	archiveVersion = 1;
	classes = {
	};
	objectVersion = 56;
	objects = {

/* Begin PBXBuildFile section */
		3A9E5F08290E60B9003A6679 /* LogInPage.swift in Sources */ = {isa = PBXBuildFile; fileRef = 3A9E5F07290E60B9003A6679 /* LogInPage.swift */; };
		A4BFDEAF290D8AF900446DE5 /* WishList.swift in Sources */ = {isa = PBXBuildFile; fileRef = A4BFDEAE290D8AF900446DE5 /* WishList.swift */; };
		A4BFDEB1290D8B0700446DE5 /* Profile.swift in Sources */ = {isa = PBXBuildFile; fileRef = A4BFDEB0290D8B0700446DE5 /* Profile.swift */; };
		A4BFDEB3290D90FD00446DE5 /* HostingTabBar.swift in Sources */ = {isa = PBXBuildFile; fileRef = A4BFDEB2290D90FD00446DE5 /* HostingTabBar.swift */; };
		A4D8B0FB2909554900E137E7 /* RankitApp.swift in Sources */ = {isa = PBXBuildFile; fileRef = A4D8B0FA2909554900E137E7 /* RankitApp.swift */; };
		A4D8B0FF2909554A00E137E7 /* Assets.xcassets in Resources */ = {isa = PBXBuildFile; fileRef = A4D8B0FE2909554A00E137E7 /* Assets.xcassets */; };
		A4D8B1022909554A00E137E7 /* Preview Assets.xcassets in Resources */ = {isa = PBXBuildFile; fileRef = A4D8B1012909554A00E137E7 /* Preview Assets.xcassets */; };
		A4D8B1092909560200E137E7 /* Splash.swift in Sources */ = {isa = PBXBuildFile; fileRef = A4D8B1082909560200E137E7 /* Splash.swift */; };
		A4D8B10D2909AF8D00E137E7 /* InterestPage.swift in Sources */ = {isa = PBXBuildFile; fileRef = A4D8B10C2909AF8D00E137E7 /* InterestPage.swift */; };
		A4D8B10F290A4E6300E137E7 /* HomePage.swift in Sources */ = {isa = PBXBuildFile; fileRef = A4D8B10E290A4E6300E137E7 /* HomePage.swift */; };
		A8EE7097290E4CDA0095C41F /* EventPage.swift in Sources */ = {isa = PBXBuildFile; fileRef = A8EE7096290E4CDA0095C41F /* EventPage.swift */; };
/* End PBXBuildFile section */

/* Begin PBXFileReference section */
		3A9E5F07290E60B9003A6679 /* LogInPage.swift */ = {isa = PBXFileReference; lastKnownFileType = sourcecode.swift; path = LogInPage.swift; sourceTree = "<group>"; };
		A4BFDEAE290D8AF900446DE5 /* WishList.swift */ = {isa = PBXFileReference; lastKnownFileType = sourcecode.swift; path = WishList.swift; sourceTree = "<group>"; };
		A4BFDEB0290D8B0700446DE5 /* Profile.swift */ = {isa = PBXFileReference; lastKnownFileType = sourcecode.swift; path = Profile.swift; sourceTree = "<group>"; };
		A4BFDEB2290D90FD00446DE5 /* HostingTabBar.swift */ = {isa = PBXFileReference; lastKnownFileType = sourcecode.swift; path = HostingTabBar.swift; sourceTree = "<group>"; };
		A4D8B0F72909554900E137E7 /* Rankit.app */ = {isa = PBXFileReference; explicitFileType = wrapper.application; includeInIndex = 0; path = Rankit.app; sourceTree = BUILT_PRODUCTS_DIR; };
		A4D8B0FA2909554900E137E7 /* RankitApp.swift */ = {isa = PBXFileReference; lastKnownFileType = sourcecode.swift; path = RankitApp.swift; sourceTree = "<group>"; };
		A4D8B0FE2909554A00E137E7 /* Assets.xcassets */ = {isa = PBXFileReference; lastKnownFileType = folder.assetcatalog; path = Assets.xcassets; sourceTree = "<group>"; };
		A4D8B1012909554A00E137E7 /* Preview Assets.xcassets */ = {isa = PBXFileReference; lastKnownFileType = folder.assetcatalog; path = "Preview Assets.xcassets"; sourceTree = "<group>"; };
		A4D8B1082909560200E137E7 /* Splash.swift */ = {isa = PBXFileReference; lastKnownFileType = sourcecode.swift; path = Splash.swift; sourceTree = "<group>"; };
		A4D8B10C2909AF8D00E137E7 /* InterestPage.swift */ = {isa = PBXFileReference; lastKnownFileType = sourcecode.swift; path = InterestPage.swift; sourceTree = "<group>"; };
		A4D8B10E290A4E6300E137E7 /* HomePage.swift */ = {isa = PBXFileReference; lastKnownFileType = sourcecode.swift; path = HomePage.swift; sourceTree = "<group>"; };
		A8EE7096290E4CDA0095C41F /* EventPage.swift */ = {isa = PBXFileReference; lastKnownFileType = sourcecode.swift; path = EventPage.swift; sourceTree = "<group>"; };
/* End PBXFileReference section */

/* Begin PBXFrameworksBuildPhase section */
		A4D8B0F42909554900E137E7 /* Frameworks */ = {
			isa = PBXFrameworksBuildPhase;
			buildActionMask = 2147483647;
			files = (
			);
			runOnlyForDeploymentPostprocessing = 0;
		};
/* End PBXFrameworksBuildPhase section */

/* Begin PBXGroup section */
		A4D8B0EE2909554900E137E7 = {
			isa = PBXGroup;
			children = (
				A4D8B0F92909554900E137E7 /* Rankit */,
				A4D8B0F82909554900E137E7 /* Products */,
			);
			sourceTree = "<group>";
		};
		A4D8B0F82909554900E137E7 /* Products */ = {
			isa = PBXGroup;
			children = (
				A4D8B0F72909554900E137E7 /* Rankit.app */,
			);
			name = Products;
			sourceTree = "<group>";
		};
		A4D8B0F92909554900E137E7 /* Rankit */ = {
			isa = PBXGroup;
			children = (
				A4D8B0FA2909554900E137E7 /* RankitApp.swift */,
				A4D8B1082909560200E137E7 /* Splash.swift */,
				A4D8B10C2909AF8D00E137E7 /* InterestPage.swift */,
				A4D8B10E290A4E6300E137E7 /* HomePage.swift */,
				A4BFDEAE290D8AF900446DE5 /* WishList.swift */,
				A4BFDEB2290D90FD00446DE5 /* HostingTabBar.swift */,
				A4BFDEB0290D8B0700446DE5 /* Profile.swift */,
				A8EE7096290E4CDA0095C41F /* EventPage.swift */,
				3A9E5F07290E60B9003A6679 /* LogInPage.swift */,
				A4D8B0FE2909554A00E137E7 /* Assets.xcassets */,
				A4D8B1002909554A00E137E7 /* Preview Content */,
			);
			path = Rankit;
			sourceTree = "<group>";
		};
		A4D8B1002909554A00E137E7 /* Preview Content */ = {
			isa = PBXGroup;
			children = (
				A4D8B1012909554A00E137E7 /* Preview Assets.xcassets */,
			);
			path = "Preview Content";
			sourceTree = "<group>";
		};
/* End PBXGroup section */

/* Begin PBXNativeTarget section */
		A4D8B0F62909554900E137E7 /* Rankit */ = {
			isa = PBXNativeTarget;
			buildConfigurationList = A4D8B1052909554A00E137E7 /* Build configuration list for PBXNativeTarget "Rankit" */;
			buildPhases = (
				A4D8B0F32909554900E137E7 /* Sources */,
				A4D8B0F42909554900E137E7 /* Frameworks */,
				A4D8B0F52909554900E137E7 /* Resources */,
			);
			buildRules = (
			);
			dependencies = (
			);
			name = Rankit;
			productName = Rankit;
			productReference = A4D8B0F72909554900E137E7 /* Rankit.app */;
			productType = "com.apple.product-type.application";
		};
/* End PBXNativeTarget section */

/* Begin PBXProject section */
		A4D8B0EF2909554900E137E7 /* Project object */ = {
			isa = PBXProject;
			attributes = {
				BuildIndependentTargetsInParallel = 1;
				LastSwiftUpdateCheck = 1400;
				LastUpgradeCheck = 1400;
				TargetAttributes = {
					A4D8B0F62909554900E137E7 = {
						CreatedOnToolsVersion = 14.0.1;
					};
				};
			};
			buildConfigurationList = A4D8B0F22909554900E137E7 /* Build configuration list for PBXProject "Rankit" */;
			compatibilityVersion = "Xcode 14.0";
			developmentRegion = en;
			hasScannedForEncodings = 0;
			knownRegions = (
				en,
				Base,
			);
			mainGroup = A4D8B0EE2909554900E137E7;
			productRefGroup = A4D8B0F82909554900E137E7 /* Products */;
			projectDirPath = "";
			projectRoot = "";
			targets = (
				A4D8B0F62909554900E137E7 /* Rankit */,
			);
		};
/* End PBXProject section */

/* Begin PBXResourcesBuildPhase section */
		A4D8B0F52909554900E137E7 /* Resources */ = {
			isa = PBXResourcesBuildPhase;
			buildActionMask = 2147483647;
			files = (
				A4D8B1022909554A00E137E7 /* Preview Assets.xcassets in Resources */,
				A4D8B0FF2909554A00E137E7 /* Assets.xcassets in Resources */,
			);
			runOnlyForDeploymentPostprocessing = 0;
		};
/* End PBXResourcesBuildPhase section */

/* Begin PBXSourcesBuildPhase section */
		A4D8B0F32909554900E137E7 /* Sources */ = {
			isa = PBXSourcesBuildPhase;
			buildActionMask = 2147483647;
			files = (
				A4D8B1092909560200E137E7 /* Splash.swift in Sources */,
				A8EE7097290E4CDA0095C41F /* EventPage.swift in Sources */,
				A4BFDEB1290D8B0700446DE5 /* Profile.swift in Sources */,
				A4D8B0FB2909554900E137E7 /* RankitApp.swift in Sources */,
				3A9E5F08290E60B9003A6679 /* LogInPage.swift in Sources */,
				A4D8B10D2909AF8D00E137E7 /* InterestPage.swift in Sources */,
				A4D8B10F290A4E6300E137E7 /* HomePage.swift in Sources */,
				A4BFDEB3290D90FD00446DE5 /* HostingTabBar.swift in Sources */,
				A4BFDEAF290D8AF900446DE5 /* WishList.swift in Sources */,
			);
			runOnlyForDeploymentPostprocessing = 0;
		};
/* End PBXSourcesBuildPhase section */

/* Begin XCBuildConfiguration section */
		A4D8B1032909554A00E137E7 /* Debug */ = {
			isa = XCBuildConfiguration;
			buildSettings = {
				ALWAYS_SEARCH_USER_PATHS = NO;
				CLANG_ANALYZER_NONNULL = YES;
				CLANG_ANALYZER_NUMBER_OBJECT_CONVERSION = YES_AGGRESSIVE;
				CLANG_CXX_LANGUAGE_STANDARD = "gnu++20";
				CLANG_ENABLE_MODULES = YES;
				CLANG_ENABLE_OBJC_ARC = YES;
				CLANG_ENABLE_OBJC_WEAK = YES;
				CLANG_WARN_BLOCK_CAPTURE_AUTORELEASING = YES;
				CLANG_WARN_BOOL_CONVERSION = YES;
				CLANG_WARN_COMMA = YES;
				CLANG_WARN_CONSTANT_CONVERSION = YES;
				CLANG_WARN_DEPRECATED_OBJC_IMPLEMENTATIONS = YES;
				CLANG_WARN_DIRECT_OBJC_ISA_USAGE = YES_ERROR;
				CLANG_WARN_DOCUMENTATION_COMMENTS = YES;
				CLANG_WARN_EMPTY_BODY = YES;
				CLANG_WARN_ENUM_CONVERSION = YES;
				CLANG_WARN_INFINITE_RECURSION = YES;
				CLANG_WARN_INT_CONVERSION = YES;
				CLANG_WARN_NON_LITERAL_NULL_CONVERSION = YES;
				CLANG_WARN_OBJC_IMPLICIT_RETAIN_SELF = YES;
				CLANG_WARN_OBJC_LITERAL_CONVERSION = YES;
				CLANG_WARN_OBJC_ROOT_CLASS = YES_ERROR;
				CLANG_WARN_QUOTED_INCLUDE_IN_FRAMEWORK_HEADER = YES;
				CLANG_WARN_RANGE_LOOP_ANALYSIS = YES;
				CLANG_WARN_STRICT_PROTOTYPES = YES;
				CLANG_WARN_SUSPICIOUS_MOVE = YES;
				CLANG_WARN_UNGUARDED_AVAILABILITY = YES_AGGRESSIVE;
				CLANG_WARN_UNREACHABLE_CODE = YES;
				CLANG_WARN__DUPLICATE_METHOD_MATCH = YES;
				COPY_PHASE_STRIP = NO;
				DEBUG_INFORMATION_FORMAT = dwarf;
				ENABLE_STRICT_OBJC_MSGSEND = YES;
				ENABLE_TESTABILITY = YES;
				GCC_C_LANGUAGE_STANDARD = gnu11;
				GCC_DYNAMIC_NO_PIC = NO;
				GCC_NO_COMMON_BLOCKS = YES;
				GCC_OPTIMIZATION_LEVEL = 0;
				GCC_PREPROCESSOR_DEFINITIONS = (
					"DEBUG=1",
					"$(inherited)",
				);
				GCC_WARN_64_TO_32_BIT_CONVERSION = YES;
				GCC_WARN_ABOUT_RETURN_TYPE = YES_ERROR;
				GCC_WARN_UNDECLARED_SELECTOR = YES;
				GCC_WARN_UNINITIALIZED_AUTOS = YES_AGGRESSIVE;
				GCC_WARN_UNUSED_FUNCTION = YES;
				GCC_WARN_UNUSED_VARIABLE = YES;
				IPHONEOS_DEPLOYMENT_TARGET = 16.0;
				MTL_ENABLE_DEBUG_INFO = INCLUDE_SOURCE;
				MTL_FAST_MATH = YES;
				ONLY_ACTIVE_ARCH = YES;
				SDKROOT = iphoneos;
				SWIFT_ACTIVE_COMPILATION_CONDITIONS = DEBUG;
				SWIFT_OPTIMIZATION_LEVEL = "-Onone";
			};
			name = Debug;
		};
		A4D8B1042909554A00E137E7 /* Release */ = {
			isa = XCBuildConfiguration;
			buildSettings = {
				ALWAYS_SEARCH_USER_PATHS = NO;
				CLANG_ANALYZER_NONNULL = YES;
				CLANG_ANALYZER_NUMBER_OBJECT_CONVERSION = YES_AGGRESSIVE;
				CLANG_CXX_LANGUAGE_STANDARD = "gnu++20";
				CLANG_ENABLE_MODULES = YES;
				CLANG_ENABLE_OBJC_ARC = YES;
				CLANG_ENABLE_OBJC_WEAK = YES;
				CLANG_WARN_BLOCK_CAPTURE_AUTORELEASING = YES;
				CLANG_WARN_BOOL_CONVERSION = YES;
				CLANG_WARN_COMMA = YES;
				CLANG_WARN_CONSTANT_CONVERSION = YES;
				CLANG_WARN_DEPRECATED_OBJC_IMPLEMENTATIONS = YES;
				CLANG_WARN_DIRECT_OBJC_ISA_USAGE = YES_ERROR;
				CLANG_WARN_DOCUMENTATION_COMMENTS = YES;
				CLANG_WARN_EMPTY_BODY = YES;
				CLANG_WARN_ENUM_CONVERSION = YES;
				CLANG_WARN_INFINITE_RECURSION = YES;
				CLANG_WARN_INT_CONVERSION = YES;
				CLANG_WARN_NON_LITERAL_NULL_CONVERSION = YES;
				CLANG_WARN_OBJC_IMPLICIT_RETAIN_SELF = YES;
				CLANG_WARN_OBJC_LITERAL_CONVERSION = YES;
				CLANG_WARN_OBJC_ROOT_CLASS = YES_ERROR;
				CLANG_WARN_QUOTED_INCLUDE_IN_FRAMEWORK_HEADER = YES;
				CLANG_WARN_RANGE_LOOP_ANALYSIS = YES;
				CLANG_WARN_STRICT_PROTOTYPES = YES;
				CLANG_WARN_SUSPICIOUS_MOVE = YES;
				CLANG_WARN_UNGUARDED_AVAILABILITY = YES_AGGRESSIVE;
				CLANG_WARN_UNREACHABLE_CODE = YES;
				CLANG_WARN__DUPLICATE_METHOD_MATCH = YES;
				COPY_PHASE_STRIP = NO;
				DEBUG_INFORMATION_FORMAT = "dwarf-with-dsym";
				ENABLE_NS_ASSERTIONS = NO;
				ENABLE_STRICT_OBJC_MSGSEND = YES;
				GCC_C_LANGUAGE_STANDARD = gnu11;
				GCC_NO_COMMON_BLOCKS = YES;
				GCC_WARN_64_TO_32_BIT_CONVERSION = YES;
				GCC_WARN_ABOUT_RETURN_TYPE = YES_ERROR;
				GCC_WARN_UNDECLARED_SELECTOR = YES;
				GCC_WARN_UNINITIALIZED_AUTOS = YES_AGGRESSIVE;
				GCC_WARN_UNUSED_FUNCTION = YES;
				GCC_WARN_UNUSED_VARIABLE = YES;
				IPHONEOS_DEPLOYMENT_TARGET = 16.0;
				MTL_ENABLE_DEBUG_INFO = NO;
				MTL_FAST_MATH = YES;
				SDKROOT = iphoneos;
				SWIFT_COMPILATION_MODE = wholemodule;
				SWIFT_OPTIMIZATION_LEVEL = "-O";
				VALIDATE_PRODUCT = YES;
			};
			name = Release;
		};
		A4D8B1062909554A00E137E7 /* Debug */ = {
			isa = XCBuildConfiguration;
			buildSettings = {
				ASSETCATALOG_COMPILER_APPICON_NAME = AppIcon;
				ASSETCATALOG_COMPILER_GLOBAL_ACCENT_COLOR_NAME = AccentColor;
				CODE_SIGN_STYLE = Automatic;
				CURRENT_PROJECT_VERSION = 1;
				DEVELOPMENT_ASSET_PATHS = "\"Rankit/Preview Content\"";
				ENABLE_PREVIEWS = YES;
				GENERATE_INFOPLIST_FILE = YES;
				INFOPLIST_KEY_UIApplicationSceneManifest_Generation = YES;
				INFOPLIST_KEY_UIApplicationSupportsIndirectInputEvents = YES;
				INFOPLIST_KEY_UILaunchScreen_Generation = YES;
				INFOPLIST_KEY_UISupportedInterfaceOrientations_iPad = "UIInterfaceOrientationPortrait UIInterfaceOrientationPortraitUpsideDown UIInterfaceOrientationLandscapeLeft UIInterfaceOrientationLandscapeRight";
				INFOPLIST_KEY_UISupportedInterfaceOrientations_iPhone = "UIInterfaceOrientationPortrait UIInterfaceOrientationLandscapeLeft UIInterfaceOrientationLandscapeRight";
				LD_RUNPATH_SEARCH_PATHS = (
					"$(inherited)",
					"@executable_path/Frameworks",
				);
				MARKETING_VERSION = 1.0;
				PRODUCT_BUNDLE_IDENTIFIER = RandFirstApp.com.Rankit;
				PRODUCT_NAME = "$(TARGET_NAME)";
				SWIFT_EMIT_LOC_STRINGS = YES;
				SWIFT_VERSION = 5.0;
				TARGETED_DEVICE_FAMILY = "1,2";
			};
			name = Debug;
		};
		A4D8B1072909554A00E137E7 /* Release */ = {
			isa = XCBuildConfiguration;
			buildSettings = {
				ASSETCATALOG_COMPILER_APPICON_NAME = AppIcon;
				ASSETCATALOG_COMPILER_GLOBAL_ACCENT_COLOR_NAME = AccentColor;
				CODE_SIGN_STYLE = Automatic;
				CURRENT_PROJECT_VERSION = 1;
				DEVELOPMENT_ASSET_PATHS = "\"Rankit/Preview Content\"";
				ENABLE_PREVIEWS = YES;
				GENERATE_INFOPLIST_FILE = YES;
				INFOPLIST_KEY_UIApplicationSceneManifest_Generation = YES;
				INFOPLIST_KEY_UIApplicationSupportsIndirectInputEvents = YES;
				INFOPLIST_KEY_UILaunchScreen_Generation = YES;
				INFOPLIST_KEY_UISupportedInterfaceOrientations_iPad = "UIInterfaceOrientationPortrait UIInterfaceOrientationPortraitUpsideDown UIInterfaceOrientationLandscapeLeft UIInterfaceOrientationLandscapeRight";
				INFOPLIST_KEY_UISupportedInterfaceOrientations_iPhone = "UIInterfaceOrientationPortrait UIInterfaceOrientationLandscapeLeft UIInterfaceOrientationLandscapeRight";
				LD_RUNPATH_SEARCH_PATHS = (
					"$(inherited)",
					"@executable_path/Frameworks",
				);
				MARKETING_VERSION = 1.0;
				PRODUCT_BUNDLE_IDENTIFIER = RandFirstApp.com.Rankit;
				PRODUCT_NAME = "$(TARGET_NAME)";
				SWIFT_EMIT_LOC_STRINGS = YES;
				SWIFT_VERSION = 5.0;
				TARGETED_DEVICE_FAMILY = "1,2";
			};
			name = Release;
		};
/* End XCBuildConfiguration section */

/* Begin XCConfigurationList section */
		A4D8B0F22909554900E137E7 /* Build configuration list for PBXProject "Rankit" */ = {
			isa = XCConfigurationList;
			buildConfigurations = (
				A4D8B1032909554A00E137E7 /* Debug */,
				A4D8B1042909554A00E137E7 /* Release */,
			);
			defaultConfigurationIsVisible = 0;
			defaultConfigurationName = Release;
		};
		A4D8B1052909554A00E137E7 /* Build configuration list for PBXNativeTarget "Rankit" */ = {
			isa = XCConfigurationList;
			buildConfigurations = (
				A4D8B1062909554A00E137E7 /* Debug */,
				A4D8B1072909554A00E137E7 /* Release */,
			);
			defaultConfigurationIsVisible = 0;
			defaultConfigurationName = Release;
		};
/* End XCConfigurationList section */
	};
	rootObject = A4D8B0EF2909554900E137E7 /* Project object */;
}
